
Microsoft Visual Studio Solution File, Format Version 12.00
# Visual Studio Version 17
VisualStudioVersion = 17.4.33122.133
MinimumVisualStudioVersion = 10.0.40219.1
Project("{FAE04EC0-301F-11D3-BF4B-00C04F79EFBC}") = "QrSystem1", "QrSystem1\QrSystem1.csproj", "{275D0B4E-94AE-4850-BB6C-5D927B4FE231}"
EndProject
Global
	GlobalSection(SolutionConfigurationPlatforms) = preSolution
		Debug|Any CPU = Debug|Any CPU
		Release|Any CPU = Release|Any CPU
	EndGlobalSection
	GlobalSection(ProjectConfigurationPlatforms) = postSolution
		{275D0B4E-94AE-4850-BB6C-5D927B4FE231}.Debug|Any CPU.ActiveCfg = Debug|Any CPU
		{275D0B4E-94AE-4850-BB6C-5D927B4FE231}.Debug|Any CPU.Build.0 = Debug|Any CPU
		{275D0B4E-94AE-4850-BB6C-5D927B4FE231}.Release|Any CPU.ActiveCfg = Release|Any CPU
		{275D0B4E-94AE-4850-BB6C-5D927B4FE231}.Release|Any CPU.Build.0 = Release|Any CPU
	EndGlobalSection
	GlobalSection(SolutionProperties) = preSolution
		HideSolutionNode = FALSE
	EndGlobalSection
	GlobalSection(ExtensibilityGlobals) = postSolution
		SolutionGuid = {37F4951E-1F67-4D76-A2B8-C3DB17140898}
	EndGlobalSection
EndGlobal
