
Microsoft Visual Studio Solution File, Format Version 12.00
# Visual Studio Version 17
VisualStudioVersion = 17.3.32825.248
MinimumVisualStudioVersion = 10.0.40219.1
Project("{FAE04EC0-301F-11D3-BF4B-00C04F79EFBC}") = "WindowsFormsApp1", "WindowsFormsApp1\WindowsFormsApp1.csproj", "{5E22FB7C-AE26-490C-9901-EAED6A1A858D}"
EndProject
Global
	GlobalSection(SolutionConfigurationPlatforms) = preSolution
		Debug|Any CPU = Debug|Any CPU
		Release|Any CPU = Release|Any CPU
	EndGlobalSection
	GlobalSection(ProjectConfigurationPlatforms) = postSolution
		{5E22FB7C-AE26-490C-9901-EAED6A1A858D}.Debug|Any CPU.ActiveCfg = Debug|Any CPU
		{5E22FB7C-AE26-490C-9901-EAED6A1A858D}.Debug|Any CPU.Build.0 = Debug|Any CPU
		{5E22FB7C-AE26-490C-9901-EAED6A1A858D}.Release|Any CPU.ActiveCfg = Release|Any CPU
		{5E22FB7C-AE26-490C-9901-EAED6A1A858D}.Release|Any CPU.Build.0 = Release|Any CPU
	EndGlobalSection
	GlobalSection(SolutionProperties) = preSolution
		HideSolutionNode = FALSE
	EndGlobalSection
	GlobalSection(ExtensibilityGlobals) = postSolution
		SolutionGuid = {7EC45405-85C2-412D-8FC8-F2569C63B36A}
	EndGlobalSection
EndGlobal
