
Microsoft Visual Studio Solution File, Format Version 12.00
# Visual Studio Version 17
VisualStudioVersion = 17.3.32825.248
MinimumVisualStudioVersion = 10.0.40219.1
Project("{FAE04EC0-301F-11D3-BF4B-00C04F79EFBC}") = "QRCode Demo", "QRCode Demo\QRCode Demo.csproj", "{6024CC1C-1D3D-43F0-BA31-43452A0B7739}"
EndProject
Global
	GlobalSection(SolutionConfigurationPlatforms) = preSolution
		Debug|Any CPU = Debug|Any CPU
		Release|Any CPU = Release|Any CPU
	EndGlobalSection
	GlobalSection(ProjectConfigurationPlatforms) = postSolution
		{6024CC1C-1D3D-43F0-BA31-43452A0B7739}.Debug|Any CPU.ActiveCfg = Debug|Any CPU
		{6024CC1C-1D3D-43F0-BA31-43452A0B7739}.Debug|Any CPU.Build.0 = Debug|Any CPU
		{6024CC1C-1D3D-43F0-BA31-43452A0B7739}.Release|Any CPU.ActiveCfg = Release|Any CPU
		{6024CC1C-1D3D-43F0-BA31-43452A0B7739}.Release|Any CPU.Build.0 = Release|Any CPU
	EndGlobalSection
	GlobalSection(SolutionProperties) = preSolution
		HideSolutionNode = FALSE
	EndGlobalSection
	GlobalSection(ExtensibilityGlobals) = postSolution
		SolutionGuid = {3C0549ED-3A00-4F63-A7B9-1C16B9DC7AB2}
	EndGlobalSection
EndGlobal
